
Microsoft Visual Studio Solution File, Format Version 12.00
# Visual Studio Version 16
VisualStudioVersion = 16.0.30621.155
MinimumVisualStudioVersion = 10.0.40219.1
Project("{FAE04EC0-301F-11D3-BF4B-00C04F79EFBC}") = "01-CaesarEncoding", "01-CaesarEncoding.csproj", "{2D926FC9-0236-46EC-BF5A-05FC34814B51}"
EndProject
Global
	GlobalSection(SolutionConfigurationPlatforms) = preSolution
		Debug|Any CPU = Debug|Any CPU
		Release|Any CPU = Release|Any CPU
	EndGlobalSection
	GlobalSection(ProjectConfigurationPlatforms) = postSolution
		{2D926FC9-0236-46EC-BF5A-05FC34814B51}.Debug|Any CPU.ActiveCfg = Debug|Any CPU
		{2D926FC9-0236-46EC-BF5A-05FC34814B51}.Debug|Any CPU.Build.0 = Debug|Any CPU
		{2D926FC9-0236-46EC-BF5A-05FC34814B51}.Release|Any CPU.ActiveCfg = Release|Any CPU
		{2D926FC9-0236-46EC-BF5A-05FC34814B51}.Release|Any CPU.Build.0 = Release|Any CPU
	EndGlobalSection
	GlobalSection(SolutionProperties) = preSolution
		HideSolutionNode = FALSE
	EndGlobalSection
	GlobalSection(ExtensibilityGlobals) = postSolution
		SolutionGuid = {6BEF03E3-A61B-4994-92A6-4277464E92B6}
	EndGlobalSection
EndGlobal
